
Microsoft Visual Studio Solution File, Format Version 12.00
# Visual Studio Version 16
VisualStudioVersion = 16.0.29215.179
MinimumVisualStudioVersion = 10.0.40219.1
Project("{FAE04EC0-301F-11D3-BF4B-00C04F79EFBC}") = "PreferencesAPI", "Preferences\PreferencesAPI.csproj", "{4C240F09-1EA2-4ABA-BBAF-0441038BFF09}"
EndProject
Global
	GlobalSection(SolutionConfigurationPlatforms) = preSolution
		Debug|Any CPU = Debug|Any CPU
		Release|Any CPU = Release|Any CPU
	EndGlobalSection
	GlobalSection(ProjectConfigurationPlatforms) = postSolution
		{4C240F09-1EA2-4ABA-BBAF-0441038BFF09}.Debug|Any CPU.ActiveCfg = Debug|Any CPU
		{4C240F09-1EA2-4ABA-BBAF-0441038BFF09}.Debug|Any CPU.Build.0 = Debug|Any CPU
		{4C240F09-1EA2-4ABA-BBAF-0441038BFF09}.Release|Any CPU.ActiveCfg = Release|Any CPU
		{4C240F09-1EA2-4ABA-BBAF-0441038BFF09}.Release|Any CPU.Build.0 = Release|Any CPU
	EndGlobalSection
	GlobalSection(SolutionProperties) = preSolution
		HideSolutionNode = FALSE
	EndGlobalSection
	GlobalSection(ExtensibilityGlobals) = postSolution
		SolutionGuid = {65ED126C-3C7D-4C46-A510-BA7CE80C9101}
	EndGlobalSection
EndGlobal
